
Microsoft Visual Studio Solution File, Format Version 12.00
# Visual Studio Version 17
VisualStudioVersion = 17.9.34723.18
MinimumVisualStudioVersion = 10.0.40219.1
Project("{FAE04EC0-301F-11D3-BF4B-00C04F79EFBC}") = "App_QuanLyDonHang", "App_QuanLyDonHang\App_QuanLyDonHang.csproj", "{C106A64C-68B5-416E-AE3E-FBF83BE9EF39}"
EndProject
Global
	GlobalSection(SolutionConfigurationPlatforms) = preSolution
		Debug|Any CPU = Debug|Any CPU
		Release|Any CPU = Release|Any CPU
	EndGlobalSection
	GlobalSection(ProjectConfigurationPlatforms) = postSolution
		{C106A64C-68B5-416E-AE3E-FBF83BE9EF39}.Debug|Any CPU.ActiveCfg = Debug|Any CPU
		{C106A64C-68B5-416E-AE3E-FBF83BE9EF39}.Debug|Any CPU.Build.0 = Debug|Any CPU
		{C106A64C-68B5-416E-AE3E-FBF83BE9EF39}.Release|Any CPU.ActiveCfg = Release|Any CPU
		{C106A64C-68B5-416E-AE3E-FBF83BE9EF39}.Release|Any CPU.Build.0 = Release|Any CPU
	EndGlobalSection
	GlobalSection(SolutionProperties) = preSolution
		HideSolutionNode = FALSE
	EndGlobalSection
	GlobalSection(ExtensibilityGlobals) = postSolution
		SolutionGuid = {818993DB-6BA4-446E-B924-AAE8313EA0E4}
	EndGlobalSection
EndGlobal
